
Microsoft Visual Studio Solution File, Format Version 12.00
# Visual Studio Version 16
VisualStudioVersion = 16.0.31410.223
MinimumVisualStudioVersion = 10.0.40219.1
Project("{2150E333-8FDC-42A3-9474-1A3956D46DE8}") = "Solution Items", "Solution Items", "{AAC1CD98-6E1F-4174-81D5-0A2ABACE4C3D}"
EndProject
Project("{8BC9CEB8-8B4A-11D0-8D11-00A0C91BC942}") = "game_center", "game_center\game_center.vcxitems", "{CEAEDBF8-21A3-4C53-B9EA-81A1DBD3C8D4}"
EndProject
Project("{8BC9CEB8-8B4A-11D0-8D11-00A0C91BC942}") = "game_ddz_core", "game_ddz_core\game_ddz_core.vcxitems", "{C13C861E-DAD2-4B2E-9EFE-9AAB1669B573}"
EndProject
Project("{8BC9CEB8-8B4A-11D0-8D11-00A0C91BC942}") = "game_ddz_win32", "game_ddz_win32\game_ddz_win32.vcxproj", "{C94F3ED9-3077-4F46-8871-90C3FC89D2C2}"
EndProject
Project("{8BC9CEB8-8B4A-11D0-8D11-00A0C91BC942}") = "game_center_android", "game_center_android\game_center_android.vcxproj", "{C031B1EE-E440-4812-86FF-2B7F7843BA75}"
EndProject
Project("{8BC9CEB8-8B4A-11D0-8D11-00A0C91BC942}") = "game_ddz_android", "game_ddz_android\game_ddz_android.vcxproj", "{26194B9D-5A7A-445A-AADC-C72EEF2479DA}"
EndProject
Project("{8BC9CEB8-8B4A-11D0-8D11-00A0C91BC942}") = "game_ddz_service_linux", "game_ddz_service_linux\game_ddz_service_linux.vcxproj", "{AB1A0FDB-DCD5-41F7-B805-F0FD5D545794}"
EndProject
Project("{8BC9CEB8-8B4A-11D0-8D11-00A0C91BC942}") = "classes", "..\DDZV3\Classes\classes.vcxitems", "{6FF6B02D-0CFF-43A6-AF96-A271DF51841C}"
EndProject
Project("{8BC9CEB8-8B4A-11D0-8D11-00A0C91BC942}") = "game_center_win32", "game_center_win32\game_center_win32.vcxproj", "{8A026658-28A5-416A-8A94-86F8CAFAE885}"
EndProject
Project("{8BC9CEB8-8B4A-11D0-8D11-00A0C91BC942}") = "file_server_core", "file_server_core\file_server_core.vcxitems", "{D4294674-B58E-4D98-AF73-7E9EEF9DF6F3}"
EndProject
Global
	GlobalSection(SolutionConfigurationPlatforms) = preSolution
		Debug|ARM = Debug|ARM
		Debug|ARM64 = Debug|ARM64
		Debug|x64 = Debug|x64
		Debug|x86 = Debug|x86
		MinSizeRel|ARM = MinSizeRel|ARM
		MinSizeRel|ARM64 = MinSizeRel|ARM64
		MinSizeRel|x64 = MinSizeRel|x64
		MinSizeRel|x86 = MinSizeRel|x86
		Release|ARM = Release|ARM
		Release|ARM64 = Release|ARM64
		Release|x64 = Release|x64
		Release|x86 = Release|x86
		RelWithDebInfo|ARM = RelWithDebInfo|ARM
		RelWithDebInfo|ARM64 = RelWithDebInfo|ARM64
		RelWithDebInfo|x64 = RelWithDebInfo|x64
		RelWithDebInfo|x86 = RelWithDebInfo|x86
	EndGlobalSection
	GlobalSection(ProjectConfigurationPlatforms) = postSolution
		{C94F3ED9-3077-4F46-8871-90C3FC89D2C2}.Debug|ARM.ActiveCfg = Debug|Win32
		{C94F3ED9-3077-4F46-8871-90C3FC89D2C2}.Debug|ARM64.ActiveCfg = Debug|Win32
		{C94F3ED9-3077-4F46-8871-90C3FC89D2C2}.Debug|x64.ActiveCfg = Debug|x64
		{C94F3ED9-3077-4F46-8871-90C3FC89D2C2}.Debug|x64.Build.0 = Debug|x64
		{C94F3ED9-3077-4F46-8871-90C3FC89D2C2}.Debug|x86.ActiveCfg = Debug|Win32
		{C94F3ED9-3077-4F46-8871-90C3FC89D2C2}.Debug|x86.Build.0 = Debug|Win32
		{C94F3ED9-3077-4F46-8871-90C3FC89D2C2}.MinSizeRel|ARM.ActiveCfg = Debug|Win32
		{C94F3ED9-3077-4F46-8871-90C3FC89D2C2}.MinSizeRel|ARM.Build.0 = Debug|Win32
		{C94F3ED9-3077-4F46-8871-90C3FC89D2C2}.MinSizeRel|ARM64.ActiveCfg = Debug|Win32
		{C94F3ED9-3077-4F46-8871-90C3FC89D2C2}.MinSizeRel|ARM64.Build.0 = Debug|Win32
		{C94F3ED9-3077-4F46-8871-90C3FC89D2C2}.MinSizeRel|x64.ActiveCfg = Debug|x64
		{C94F3ED9-3077-4F46-8871-90C3FC89D2C2}.MinSizeRel|x64.Build.0 = Debug|x64
		{C94F3ED9-3077-4F46-8871-90C3FC89D2C2}.MinSizeRel|x86.ActiveCfg = Debug|Win32
		{C94F3ED9-3077-4F46-8871-90C3FC89D2C2}.MinSizeRel|x86.Build.0 = Debug|Win32
		{C94F3ED9-3077-4F46-8871-90C3FC89D2C2}.Release|ARM.ActiveCfg = Release|Win32
		{C94F3ED9-3077-4F46-8871-90C3FC89D2C2}.Release|ARM64.ActiveCfg = Release|Win32
		{C94F3ED9-3077-4F46-8871-90C3FC89D2C2}.Release|x64.ActiveCfg = Release|x64
		{C94F3ED9-3077-4F46-8871-90C3FC89D2C2}.Release|x64.Build.0 = Release|x64
		{C94F3ED9-3077-4F46-8871-90C3FC89D2C2}.Release|x86.ActiveCfg = Release|Win32
		{C94F3ED9-3077-4F46-8871-90C3FC89D2C2}.Release|x86.Build.0 = Release|Win32
		{C94F3ED9-3077-4F46-8871-90C3FC89D2C2}.RelWithDebInfo|ARM.ActiveCfg = Debug|Win32
		{C94F3ED9-3077-4F46-8871-90C3FC89D2C2}.RelWithDebInfo|ARM.Build.0 = Debug|Win32
		{C94F3ED9-3077-4F46-8871-90C3FC89D2C2}.RelWithDebInfo|ARM64.ActiveCfg = Debug|Win32
		{C94F3ED9-3077-4F46-8871-90C3FC89D2C2}.RelWithDebInfo|ARM64.Build.0 = Debug|Win32
		{C94F3ED9-3077-4F46-8871-90C3FC89D2C2}.RelWithDebInfo|x64.ActiveCfg = Release|x64
		{C94F3ED9-3077-4F46-8871-90C3FC89D2C2}.RelWithDebInfo|x64.Build.0 = Release|x64
		{C94F3ED9-3077-4F46-8871-90C3FC89D2C2}.RelWithDebInfo|x86.ActiveCfg = Release|Win32
		{C94F3ED9-3077-4F46-8871-90C3FC89D2C2}.RelWithDebInfo|x86.Build.0 = Release|Win32
		{C031B1EE-E440-4812-86FF-2B7F7843BA75}.Debug|ARM.ActiveCfg = Debug|ARM
		{C031B1EE-E440-4812-86FF-2B7F7843BA75}.Debug|ARM.Build.0 = Debug|ARM
		{C031B1EE-E440-4812-86FF-2B7F7843BA75}.Debug|ARM64.ActiveCfg = Debug|ARM64
		{C031B1EE-E440-4812-86FF-2B7F7843BA75}.Debug|ARM64.Build.0 = Debug|ARM64
		{C031B1EE-E440-4812-86FF-2B7F7843BA75}.Debug|x64.ActiveCfg = Debug|x64
		{C031B1EE-E440-4812-86FF-2B7F7843BA75}.Debug|x64.Build.0 = Debug|x64
		{C031B1EE-E440-4812-86FF-2B7F7843BA75}.Debug|x86.ActiveCfg = Debug|x86
		{C031B1EE-E440-4812-86FF-2B7F7843BA75}.Debug|x86.Build.0 = Debug|x86
		{C031B1EE-E440-4812-86FF-2B7F7843BA75}.MinSizeRel|ARM.ActiveCfg = Debug|ARM
		{C031B1EE-E440-4812-86FF-2B7F7843BA75}.MinSizeRel|ARM.Build.0 = Debug|ARM
		{C031B1EE-E440-4812-86FF-2B7F7843BA75}.MinSizeRel|ARM64.ActiveCfg = Debug|ARM64
		{C031B1EE-E440-4812-86FF-2B7F7843BA75}.MinSizeRel|ARM64.Build.0 = Debug|ARM64
		{C031B1EE-E440-4812-86FF-2B7F7843BA75}.MinSizeRel|x64.ActiveCfg = Debug|x64
		{C031B1EE-E440-4812-86FF-2B7F7843BA75}.MinSizeRel|x64.Build.0 = Debug|x64
		{C031B1EE-E440-4812-86FF-2B7F7843BA75}.MinSizeRel|x86.ActiveCfg = Debug|x86
		{C031B1EE-E440-4812-86FF-2B7F7843BA75}.MinSizeRel|x86.Build.0 = Debug|x86
		{C031B1EE-E440-4812-86FF-2B7F7843BA75}.Release|ARM.ActiveCfg = Release|ARM
		{C031B1EE-E440-4812-86FF-2B7F7843BA75}.Release|ARM.Build.0 = Release|ARM
		{C031B1EE-E440-4812-86FF-2B7F7843BA75}.Release|ARM64.ActiveCfg = Release|ARM64
		{C031B1EE-E440-4812-86FF-2B7F7843BA75}.Release|ARM64.Build.0 = Release|ARM64
		{C031B1EE-E440-4812-86FF-2B7F7843BA75}.Release|x64.ActiveCfg = Release|x64
		{C031B1EE-E440-4812-86FF-2B7F7843BA75}.Release|x64.Build.0 = Release|x64
		{C031B1EE-E440-4812-86FF-2B7F7843BA75}.Release|x86.ActiveCfg = Release|x86
		{C031B1EE-E440-4812-86FF-2B7F7843BA75}.Release|x86.Build.0 = Release|x86
		{C031B1EE-E440-4812-86FF-2B7F7843BA75}.RelWithDebInfo|ARM.ActiveCfg = Release|ARM
		{C031B1EE-E440-4812-86FF-2B7F7843BA75}.RelWithDebInfo|ARM.Build.0 = Release|ARM
		{C031B1EE-E440-4812-86FF-2B7F7843BA75}.RelWithDebInfo|ARM64.ActiveCfg = Release|ARM64
		{C031B1EE-E440-4812-86FF-2B7F7843BA75}.RelWithDebInfo|ARM64.Build.0 = Release|ARM64
		{C031B1EE-E440-4812-86FF-2B7F7843BA75}.RelWithDebInfo|x64.ActiveCfg = Release|x64
		{C031B1EE-E440-4812-86FF-2B7F7843BA75}.RelWithDebInfo|x64.Build.0 = Release|x64
		{C031B1EE-E440-4812-86FF-2B7F7843BA75}.RelWithDebInfo|x86.ActiveCfg = Release|x86
		{C031B1EE-E440-4812-86FF-2B7F7843BA75}.RelWithDebInfo|x86.Build.0 = Release|x86
		{26194B9D-5A7A-445A-AADC-C72EEF2479DA}.Debug|ARM.ActiveCfg = Debug|ARM
		{26194B9D-5A7A-445A-AADC-C72EEF2479DA}.Debug|ARM.Build.0 = Debug|ARM
		{26194B9D-5A7A-445A-AADC-C72EEF2479DA}.Debug|ARM64.ActiveCfg = Debug|ARM64
		{26194B9D-5A7A-445A-AADC-C72EEF2479DA}.Debug|ARM64.Build.0 = Debug|ARM64
		{26194B9D-5A7A-445A-AADC-C72EEF2479DA}.Debug|x64.ActiveCfg = Debug|x64
		{26194B9D-5A7A-445A-AADC-C72EEF2479DA}.Debug|x64.Build.0 = Debug|x64
		{26194B9D-5A7A-445A-AADC-C72EEF2479DA}.Debug|x86.ActiveCfg = Debug|x86
		{26194B9D-5A7A-445A-AADC-C72EEF2479DA}.Debug|x86.Build.0 = Debug|x86
		{26194B9D-5A7A-445A-AADC-C72EEF2479DA}.MinSizeRel|ARM.ActiveCfg = Debug|ARM
		{26194B9D-5A7A-445A-AADC-C72EEF2479DA}.MinSizeRel|ARM.Build.0 = Debug|ARM
		{26194B9D-5A7A-445A-AADC-C72EEF2479DA}.MinSizeRel|ARM64.ActiveCfg = Debug|ARM64
		{26194B9D-5A7A-445A-AADC-C72EEF2479DA}.MinSizeRel|ARM64.Build.0 = Debug|ARM64
		{26194B9D-5A7A-445A-AADC-C72EEF2479DA}.MinSizeRel|x64.ActiveCfg = Debug|x64
		{26194B9D-5A7A-445A-AADC-C72EEF2479DA}.MinSizeRel|x64.Build.0 = Debug|x64
		{26194B9D-5A7A-445A-AADC-C72EEF2479DA}.MinSizeRel|x86.ActiveCfg = Debug|x86
		{26194B9D-5A7A-445A-AADC-C72EEF2479DA}.MinSizeRel|x86.Build.0 = Debug|x86
		{26194B9D-5A7A-445A-AADC-C72EEF2479DA}.Release|ARM.ActiveCfg = Release|ARM
		{26194B9D-5A7A-445A-AADC-C72EEF2479DA}.Release|ARM.Build.0 = Release|ARM
		{26194B9D-5A7A-445A-AADC-C72EEF2479DA}.Release|ARM64.ActiveCfg = Release|ARM64
		{26194B9D-5A7A-445A-AADC-C72EEF2479DA}.Release|ARM64.Build.0 = Release|ARM64
		{26194B9D-5A7A-445A-AADC-C72EEF2479DA}.Release|x64.ActiveCfg = Release|x64
		{26194B9D-5A7A-445A-AADC-C72EEF2479DA}.Release|x64.Build.0 = Release|x64
		{26194B9D-5A7A-445A-AADC-C72EEF2479DA}.Release|x86.ActiveCfg = Release|x86
		{26194B9D-5A7A-445A-AADC-C72EEF2479DA}.Release|x86.Build.0 = Release|x86
		{26194B9D-5A7A-445A-AADC-C72EEF2479DA}.RelWithDebInfo|ARM.ActiveCfg = Release|ARM
		{26194B9D-5A7A-445A-AADC-C72EEF2479DA}.RelWithDebInfo|ARM.Build.0 = Release|ARM
		{26194B9D-5A7A-445A-AADC-C72EEF2479DA}.RelWithDebInfo|ARM64.ActiveCfg = Release|ARM64
		{26194B9D-5A7A-445A-AADC-C72EEF2479DA}.RelWithDebInfo|ARM64.Build.0 = Release|ARM64
		{26194B9D-5A7A-445A-AADC-C72EEF2479DA}.RelWithDebInfo|x64.ActiveCfg = Release|x64
		{26194B9D-5A7A-445A-AADC-C72EEF2479DA}.RelWithDebInfo|x64.Build.0 = Release|x64
		{26194B9D-5A7A-445A-AADC-C72EEF2479DA}.RelWithDebInfo|x86.ActiveCfg = Release|x86
		{26194B9D-5A7A-445A-AADC-C72EEF2479DA}.RelWithDebInfo|x86.Build.0 = Release|x86
		{AB1A0FDB-DCD5-41F7-B805-F0FD5D545794}.Debug|ARM.ActiveCfg = Debug|ARM
		{AB1A0FDB-DCD5-41F7-B805-F0FD5D545794}.Debug|ARM.Build.0 = Debug|ARM
		{AB1A0FDB-DCD5-41F7-B805-F0FD5D545794}.Debug|ARM.Deploy.0 = Debug|ARM
		{AB1A0FDB-DCD5-41F7-B805-F0FD5D545794}.Debug|ARM64.ActiveCfg = Debug|ARM64
		{AB1A0FDB-DCD5-41F7-B805-F0FD5D545794}.Debug|ARM64.Build.0 = Debug|ARM64
		{AB1A0FDB-DCD5-41F7-B805-F0FD5D545794}.Debug|ARM64.Deploy.0 = Debug|ARM64
		{AB1A0FDB-DCD5-41F7-B805-F0FD5D545794}.Debug|x64.ActiveCfg = Debug|x64
		{AB1A0FDB-DCD5-41F7-B805-F0FD5D545794}.Debug|x64.Build.0 = Debug|x64
		{AB1A0FDB-DCD5-41F7-B805-F0FD5D545794}.Debug|x64.Deploy.0 = Debug|x64
		{AB1A0FDB-DCD5-41F7-B805-F0FD5D545794}.Debug|x86.ActiveCfg = Debug|x86
		{AB1A0FDB-DCD5-41F7-B805-F0FD5D545794}.Debug|x86.Build.0 = Debug|x86
		{AB1A0FDB-DCD5-41F7-B805-F0FD5D545794}.Debug|x86.Deploy.0 = Debug|x86
		{AB1A0FDB-DCD5-41F7-B805-F0FD5D545794}.MinSizeRel|ARM.ActiveCfg = Debug|ARM
		{AB1A0FDB-DCD5-41F7-B805-F0FD5D545794}.MinSizeRel|ARM.Build.0 = Debug|ARM
		{AB1A0FDB-DCD5-41F7-B805-F0FD5D545794}.MinSizeRel|ARM.Deploy.0 = Debug|ARM
		{AB1A0FDB-DCD5-41F7-B805-F0FD5D545794}.MinSizeRel|ARM64.ActiveCfg = Debug|ARM64
		{AB1A0FDB-DCD5-41F7-B805-F0FD5D545794}.MinSizeRel|ARM64.Build.0 = Debug|ARM64
		{AB1A0FDB-DCD5-41F7-B805-F0FD5D545794}.MinSizeRel|ARM64.Deploy.0 = Debug|ARM64
		{AB1A0FDB-DCD5-41F7-B805-F0FD5D545794}.MinSizeRel|x64.ActiveCfg = Debug|x64
		{AB1A0FDB-DCD5-41F7-B805-F0FD5D545794}.MinSizeRel|x64.Build.0 = Debug|x64
		{AB1A0FDB-DCD5-41F7-B805-F0FD5D545794}.MinSizeRel|x64.Deploy.0 = Debug|x64
		{AB1A0FDB-DCD5-41F7-B805-F0FD5D545794}.MinSizeRel|x86.ActiveCfg = Debug|x86
		{AB1A0FDB-DCD5-41F7-B805-F0FD5D545794}.MinSizeRel|x86.Build.0 = Debug|x86
		{AB1A0FDB-DCD5-41F7-B805-F0FD5D545794}.MinSizeRel|x86.Deploy.0 = Debug|x86
		{AB1A0FDB-DCD5-41F7-B805-F0FD5D545794}.Release|ARM.ActiveCfg = Release|ARM
		{AB1A0FDB-DCD5-41F7-B805-F0FD5D545794}.Release|ARM.Build.0 = Release|ARM
		{AB1A0FDB-DCD5-41F7-B805-F0FD5D545794}.Release|ARM.Deploy.0 = Release|ARM
		{AB1A0FDB-DCD5-41F7-B805-F0FD5D545794}.Release|ARM64.ActiveCfg = Release|ARM64
		{AB1A0FDB-DCD5-41F7-B805-F0FD5D545794}.Release|ARM64.Build.0 = Release|ARM64
		{AB1A0FDB-DCD5-41F7-B805-F0FD5D545794}.Release|ARM64.Deploy.0 = Release|ARM64
		{AB1A0FDB-DCD5-41F7-B805-F0FD5D545794}.Release|x64.ActiveCfg = Release|x64
		{AB1A0FDB-DCD5-41F7-B805-F0FD5D545794}.Release|x64.Build.0 = Release|x64
		{AB1A0FDB-DCD5-41F7-B805-F0FD5D545794}.Release|x64.Deploy.0 = Release|x64
		{AB1A0FDB-DCD5-41F7-B805-F0FD5D545794}.Release|x86.ActiveCfg = Release|x86
		{AB1A0FDB-DCD5-41F7-B805-F0FD5D545794}.Release|x86.Build.0 = Release|x86
		{AB1A0FDB-DCD5-41F7-B805-F0FD5D545794}.Release|x86.Deploy.0 = Release|x86
		{AB1A0FDB-DCD5-41F7-B805-F0FD5D545794}.RelWithDebInfo|ARM.ActiveCfg = Release|ARM
		{AB1A0FDB-DCD5-41F7-B805-F0FD5D545794}.RelWithDebInfo|ARM.Build.0 = Release|ARM
		{AB1A0FDB-DCD5-41F7-B805-F0FD5D545794}.RelWithDebInfo|ARM.Deploy.0 = Release|ARM
		{AB1A0FDB-DCD5-41F7-B805-F0FD5D545794}.RelWithDebInfo|ARM64.ActiveCfg = Release|ARM64
		{AB1A0FDB-DCD5-41F7-B805-F0FD5D545794}.RelWithDebInfo|ARM64.Build.0 = Release|ARM64
		{AB1A0FDB-DCD5-41F7-B805-F0FD5D545794}.RelWithDebInfo|ARM64.Deploy.0 = Release|ARM64
		{AB1A0FDB-DCD5-41F7-B805-F0FD5D545794}.RelWithDebInfo|x64.ActiveCfg = Release|x64
		{AB1A0FDB-DCD5-41F7-B805-F0FD5D545794}.RelWithDebInfo|x64.Build.0 = Release|x64
		{AB1A0FDB-DCD5-41F7-B805-F0FD5D545794}.RelWithDebInfo|x64.Deploy.0 = Release|x64
		{AB1A0FDB-DCD5-41F7-B805-F0FD5D545794}.RelWithDebInfo|x86.ActiveCfg = Release|x86
		{AB1A0FDB-DCD5-41F7-B805-F0FD5D545794}.RelWithDebInfo|x86.Build.0 = Release|x86
		{AB1A0FDB-DCD5-41F7-B805-F0FD5D545794}.RelWithDebInfo|x86.Deploy.0 = Release|x86
		{8A026658-28A5-416A-8A94-86F8CAFAE885}.Debug|ARM.ActiveCfg = Debug|Win32
		{8A026658-28A5-416A-8A94-86F8CAFAE885}.Debug|ARM64.ActiveCfg = Debug|Win32
		{8A026658-28A5-416A-8A94-86F8CAFAE885}.Debug|x64.ActiveCfg = Debug|x64
		{8A026658-28A5-416A-8A94-86F8CAFAE885}.Debug|x64.Build.0 = Debug|x64
		{8A026658-28A5-416A-8A94-86F8CAFAE885}.Debug|x86.ActiveCfg = Debug|Win32
		{8A026658-28A5-416A-8A94-86F8CAFAE885}.Debug|x86.Build.0 = Debug|Win32
		{8A026658-28A5-416A-8A94-86F8CAFAE885}.MinSizeRel|ARM.ActiveCfg = Debug|Win32
		{8A026658-28A5-416A-8A94-86F8CAFAE885}.MinSizeRel|ARM.Build.0 = Debug|Win32
		{8A026658-28A5-416A-8A94-86F8CAFAE885}.MinSizeRel|ARM64.ActiveCfg = Debug|Win32
		{8A026658-28A5-416A-8A94-86F8CAFAE885}.MinSizeRel|ARM64.Build.0 = Debug|Win32
		{8A026658-28A5-416A-8A94-86F8CAFAE885}.MinSizeRel|x64.ActiveCfg = Debug|x64
		{8A026658-28A5-416A-8A94-86F8CAFAE885}.MinSizeRel|x64.Build.0 = Debug|x64
		{8A026658-28A5-416A-8A94-86F8CAFAE885}.MinSizeRel|x86.ActiveCfg = Debug|Win32
		{8A026658-28A5-416A-8A94-86F8CAFAE885}.MinSizeRel|x86.Build.0 = Debug|Win32
		{8A026658-28A5-416A-8A94-86F8CAFAE885}.Release|ARM.ActiveCfg = Release|Win32
		{8A026658-28A5-416A-8A94-86F8CAFAE885}.Release|ARM64.ActiveCfg = Release|Win32
		{8A026658-28A5-416A-8A94-86F8CAFAE885}.Release|x64.ActiveCfg = Release|x64
		{8A026658-28A5-416A-8A94-86F8CAFAE885}.Release|x64.Build.0 = Release|x64
		{8A026658-28A5-416A-8A94-86F8CAFAE885}.Release|x86.ActiveCfg = Release|Win32
		{8A026658-28A5-416A-8A94-86F8CAFAE885}.Release|x86.Build.0 = Release|Win32
		{8A026658-28A5-416A-8A94-86F8CAFAE885}.RelWithDebInfo|ARM.ActiveCfg = Debug|Win32
		{8A026658-28A5-416A-8A94-86F8CAFAE885}.RelWithDebInfo|ARM.Build.0 = Debug|Win32
		{8A026658-28A5-416A-8A94-86F8CAFAE885}.RelWithDebInfo|ARM64.ActiveCfg = Debug|Win32
		{8A026658-28A5-416A-8A94-86F8CAFAE885}.RelWithDebInfo|ARM64.Build.0 = Debug|Win32
		{8A026658-28A5-416A-8A94-86F8CAFAE885}.RelWithDebInfo|x64.ActiveCfg = Release|x64
		{8A026658-28A5-416A-8A94-86F8CAFAE885}.RelWithDebInfo|x64.Build.0 = Release|x64
		{8A026658-28A5-416A-8A94-86F8CAFAE885}.RelWithDebInfo|x86.ActiveCfg = Release|Win32
		{8A026658-28A5-416A-8A94-86F8CAFAE885}.RelWithDebInfo|x86.Build.0 = Release|Win32
	EndGlobalSection
	GlobalSection(SolutionProperties) = preSolution
		HideSolutionNode = FALSE
	EndGlobalSection
	GlobalSection(NestedProjects) = preSolution
		{CEAEDBF8-21A3-4C53-B9EA-81A1DBD3C8D4} = {AAC1CD98-6E1F-4174-81D5-0A2ABACE4C3D}
		{C13C861E-DAD2-4B2E-9EFE-9AAB1669B573} = {AAC1CD98-6E1F-4174-81D5-0A2ABACE4C3D}
		{C94F3ED9-3077-4F46-8871-90C3FC89D2C2} = {AAC1CD98-6E1F-4174-81D5-0A2ABACE4C3D}
		{C031B1EE-E440-4812-86FF-2B7F7843BA75} = {AAC1CD98-6E1F-4174-81D5-0A2ABACE4C3D}
		{26194B9D-5A7A-445A-AADC-C72EEF2479DA} = {AAC1CD98-6E1F-4174-81D5-0A2ABACE4C3D}
		{AB1A0FDB-DCD5-41F7-B805-F0FD5D545794} = {AAC1CD98-6E1F-4174-81D5-0A2ABACE4C3D}
		{6FF6B02D-0CFF-43A6-AF96-A271DF51841C} = {AAC1CD98-6E1F-4174-81D5-0A2ABACE4C3D}
		{8A026658-28A5-416A-8A94-86F8CAFAE885} = {AAC1CD98-6E1F-4174-81D5-0A2ABACE4C3D}
		{D4294674-B58E-4D98-AF73-7E9EEF9DF6F3} = {AAC1CD98-6E1F-4174-81D5-0A2ABACE4C3D}
	EndGlobalSection
	GlobalSection(ExtensibilityGlobals) = postSolution
		SolutionGuid = {4C04043E-EA7C-4C9B-BB09-8F51D809E86E}
	EndGlobalSection
EndGlobal
